
Microsoft Visual Studio Solution File, Format Version 12.00
# Visual Studio Version 17
VisualStudioVersion = 17.9.34902.65
MinimumVisualStudioVersion = 10.0.40219.1
Project("{2150E333-8FDC-42A3-9474-1A3956D46DE8}") = "src", "src", "{2AF9CA33-DE73-4061-A640-390C687FA75E}"
EndProject
Project("{2150E333-8FDC-42A3-9474-1A3956D46DE8}") = "Application", "Application", "{4414D36E-9EC7-404F-9D7F-FEB4FB174E05}"
EndProject
Project("{9A19103F-16F7-4668-BE54-9A1E7A4F7556}") = "Application", "Application\Application.csproj", "{4FB63B2E-68F6-4324-B596-4057B4A6799B}"
EndProject
Project("{2150E333-8FDC-42A3-9474-1A3956D46DE8}") = "Domain", "Domain", "{BB40B729-4649-45FF-BEBD-0CF10F001C28}"
EndProject
Project("{9A19103F-16F7-4668-BE54-9A1E7A4F7556}") = "Domain", "Domain\Domain.csproj", "{AAE4E4CF-217A-4A4D-97B1-E61AF48A7F9D}"
EndProject
Project("{2150E333-8FDC-42A3-9474-1A3956D46DE8}") = "Infrastruture", "Infrastruture", "{C07ABC57-0510-4D43-A103-36CE1D23D470}"
EndProject
Project("{9A19103F-16F7-4668-BE54-9A1E7A4F7556}") = "InfrastructureCoreDatabase", "InfrastructureCoreDatabase\InfrastructureCoreDatabase.csproj", "{92F4691D-6DBF-4420-8D39-4C1659B26124}"
EndProject
Project("{2150E333-8FDC-42A3-9474-1A3956D46DE8}") = "Interface", "Interface", "{5BA24BFC-8CCF-49B0-ACC2-32B5A13B8C7C}"
EndProject
Project("{9A19103F-16F7-4668-BE54-9A1E7A4F7556}") = "Api", "Api\Api.csproj", "{71FF6F94-CCD8-4DD9-AF05-873CCF0526B1}"
EndProject
Project("{2150E333-8FDC-42A3-9474-1A3956D46DE8}") = "test", "test", "{CF1054F3-325E-48B4-9F18-3D1C12EB2929}"
EndProject
Project("{9A19103F-16F7-4668-BE54-9A1E7A4F7556}") = "TestUnitApi", "TestUnitApi\TestUnitApi.csproj", "{A5EE7D60-24DF-4F70-AF75-5B5BAB4274CA}"
EndProject
Global
	GlobalSection(SolutionConfigurationPlatforms) = preSolution
		Debug|Any CPU = Debug|Any CPU
		Release|Any CPU = Release|Any CPU
	EndGlobalSection
	GlobalSection(ProjectConfigurationPlatforms) = postSolution
		{4FB63B2E-68F6-4324-B596-4057B4A6799B}.Debug|Any CPU.ActiveCfg = Debug|Any CPU
		{4FB63B2E-68F6-4324-B596-4057B4A6799B}.Debug|Any CPU.Build.0 = Debug|Any CPU
		{4FB63B2E-68F6-4324-B596-4057B4A6799B}.Release|Any CPU.ActiveCfg = Release|Any CPU
		{4FB63B2E-68F6-4324-B596-4057B4A6799B}.Release|Any CPU.Build.0 = Release|Any CPU
		{AAE4E4CF-217A-4A4D-97B1-E61AF48A7F9D}.Debug|Any CPU.ActiveCfg = Debug|Any CPU
		{AAE4E4CF-217A-4A4D-97B1-E61AF48A7F9D}.Debug|Any CPU.Build.0 = Debug|Any CPU
		{AAE4E4CF-217A-4A4D-97B1-E61AF48A7F9D}.Release|Any CPU.ActiveCfg = Release|Any CPU
		{AAE4E4CF-217A-4A4D-97B1-E61AF48A7F9D}.Release|Any CPU.Build.0 = Release|Any CPU
		{92F4691D-6DBF-4420-8D39-4C1659B26124}.Debug|Any CPU.ActiveCfg = Debug|Any CPU
		{92F4691D-6DBF-4420-8D39-4C1659B26124}.Debug|Any CPU.Build.0 = Debug|Any CPU
		{92F4691D-6DBF-4420-8D39-4C1659B26124}.Release|Any CPU.ActiveCfg = Release|Any CPU
		{92F4691D-6DBF-4420-8D39-4C1659B26124}.Release|Any CPU.Build.0 = Release|Any CPU
		{71FF6F94-CCD8-4DD9-AF05-873CCF0526B1}.Debug|Any CPU.ActiveCfg = Debug|Any CPU
		{71FF6F94-CCD8-4DD9-AF05-873CCF0526B1}.Debug|Any CPU.Build.0 = Debug|Any CPU
		{71FF6F94-CCD8-4DD9-AF05-873CCF0526B1}.Release|Any CPU.ActiveCfg = Release|Any CPU
		{71FF6F94-CCD8-4DD9-AF05-873CCF0526B1}.Release|Any CPU.Build.0 = Release|Any CPU
		{A5EE7D60-24DF-4F70-AF75-5B5BAB4274CA}.Debug|Any CPU.ActiveCfg = Debug|Any CPU
		{A5EE7D60-24DF-4F70-AF75-5B5BAB4274CA}.Debug|Any CPU.Build.0 = Debug|Any CPU
		{A5EE7D60-24DF-4F70-AF75-5B5BAB4274CA}.Release|Any CPU.ActiveCfg = Release|Any CPU
		{A5EE7D60-24DF-4F70-AF75-5B5BAB4274CA}.Release|Any CPU.Build.0 = Release|Any CPU
	EndGlobalSection
	GlobalSection(SolutionProperties) = preSolution
		HideSolutionNode = FALSE
	EndGlobalSection
	GlobalSection(NestedProjects) = preSolution
		{4414D36E-9EC7-404F-9D7F-FEB4FB174E05} = {2AF9CA33-DE73-4061-A640-390C687FA75E}
		{4FB63B2E-68F6-4324-B596-4057B4A6799B} = {4414D36E-9EC7-404F-9D7F-FEB4FB174E05}
		{BB40B729-4649-45FF-BEBD-0CF10F001C28} = {2AF9CA33-DE73-4061-A640-390C687FA75E}
		{AAE4E4CF-217A-4A4D-97B1-E61AF48A7F9D} = {BB40B729-4649-45FF-BEBD-0CF10F001C28}
		{C07ABC57-0510-4D43-A103-36CE1D23D470} = {2AF9CA33-DE73-4061-A640-390C687FA75E}
		{92F4691D-6DBF-4420-8D39-4C1659B26124} = {C07ABC57-0510-4D43-A103-36CE1D23D470}
		{5BA24BFC-8CCF-49B0-ACC2-32B5A13B8C7C} = {2AF9CA33-DE73-4061-A640-390C687FA75E}
		{71FF6F94-CCD8-4DD9-AF05-873CCF0526B1} = {5BA24BFC-8CCF-49B0-ACC2-32B5A13B8C7C}
		{A5EE7D60-24DF-4F70-AF75-5B5BAB4274CA} = {CF1054F3-325E-48B4-9F18-3D1C12EB2929}
	EndGlobalSection
	GlobalSection(ExtensibilityGlobals) = postSolution
		SolutionGuid = {66E3B2D4-0668-41D2-90BB-F4F89DC3AC17}
	EndGlobalSection
EndGlobal
